
Microsoft Visual Studio Solution File, Format Version 12.00
# Visual Studio Version 16
VisualStudioVersion = 16.0.30717.126
MinimumVisualStudioVersion = 10.0.40219.1
Project("{FAE04EC0-301F-11D3-BF4B-00C04F79EFBC}") = "DemoMVC", "DemoMVC\DemoMVC.csproj", "{AC11F735-287C-4488-B643-F200E9F8596D}"
EndProject
Global
	GlobalSection(SolutionConfigurationPlatforms) = preSolution
		Debug|Any CPU = Debug|Any CPU
		Release|Any CPU = Release|Any CPU
	EndGlobalSection
	GlobalSection(ProjectConfigurationPlatforms) = postSolution
		{AC11F735-287C-4488-B643-F200E9F8596D}.Debug|Any CPU.ActiveCfg = Debug|Any CPU
		{AC11F735-287C-4488-B643-F200E9F8596D}.Debug|Any CPU.Build.0 = Debug|Any CPU
		{AC11F735-287C-4488-B643-F200E9F8596D}.Release|Any CPU.ActiveCfg = Release|Any CPU
		{AC11F735-287C-4488-B643-F200E9F8596D}.Release|Any CPU.Build.0 = Release|Any CPU
	EndGlobalSection
	GlobalSection(SolutionProperties) = preSolution
		HideSolutionNode = FALSE
	EndGlobalSection
	GlobalSection(ExtensibilityGlobals) = postSolution
		SolutionGuid = {1FD340E8-3B09-4CE8-8D42-605B9EB23B2A}
	EndGlobalSection
EndGlobal
